
Microsoft Visual Studio Solution File, Format Version 12.00
# Visual Studio Version 17
VisualStudioVersion = 17.1.32328.378
MinimumVisualStudioVersion = 10.0.40219.1
Project("{FAE04EC0-301F-11D3-BF4B-00C04F79EFBC}") = "SEDC.Oop.Class02.AbstractClasses", "SEDC.Oop.Class02.AbstractClasses\SEDC.Oop.Class02.AbstractClasses.csproj", "{252BA3CA-D597-4EDF-AC06-A80C4E9867EF}"
EndProject
Project("{FAE04EC0-301F-11D3-BF4B-00C04F79EFBC}") = "SEDC.Oop.Class02.Entities", "SEDC.Oop.Class02.Entities\SEDC.Oop.Class02.Entities.csproj", "{7D182A60-6D25-4BFD-932A-CADB26D36AB3}"
EndProject
Project("{FAE04EC0-301F-11D3-BF4B-00C04F79EFBC}") = "SEDC.Oop.Class02.Interfaces", "SEDC.Oop.Class02.Interfaces\SEDC.Oop.Class02.Interfaces.csproj", "{C1DE101E-5217-4356-8295-91294E31ED52}"
EndProject
Project("{FAE04EC0-301F-11D3-BF4B-00C04F79EFBC}") = "SEDC.Oop.Class02.Exercise", "SEDC.Oop.Class02.Exercise\SEDC.Oop.Class02.Exercise.csproj", "{4359A099-4D30-4473-9E05-BF85F9444A47}"
EndProject
Global
	GlobalSection(SolutionConfigurationPlatforms) = preSolution
		Debug|Any CPU = Debug|Any CPU
		Release|Any CPU = Release|Any CPU
	EndGlobalSection
	GlobalSection(ProjectConfigurationPlatforms) = postSolution
		{252BA3CA-D597-4EDF-AC06-A80C4E9867EF}.Debug|Any CPU.ActiveCfg = Debug|Any CPU
		{252BA3CA-D597-4EDF-AC06-A80C4E9867EF}.Debug|Any CPU.Build.0 = Debug|Any CPU
		{252BA3CA-D597-4EDF-AC06-A80C4E9867EF}.Release|Any CPU.ActiveCfg = Release|Any CPU
		{252BA3CA-D597-4EDF-AC06-A80C4E9867EF}.Release|Any CPU.Build.0 = Release|Any CPU
		{7D182A60-6D25-4BFD-932A-CADB26D36AB3}.Debug|Any CPU.ActiveCfg = Debug|Any CPU
		{7D182A60-6D25-4BFD-932A-CADB26D36AB3}.Debug|Any CPU.Build.0 = Debug|Any CPU
		{7D182A60-6D25-4BFD-932A-CADB26D36AB3}.Release|Any CPU.ActiveCfg = Release|Any CPU
		{7D182A60-6D25-4BFD-932A-CADB26D36AB3}.Release|Any CPU.Build.0 = Release|Any CPU
		{C1DE101E-5217-4356-8295-91294E31ED52}.Debug|Any CPU.ActiveCfg = Debug|Any CPU
		{C1DE101E-5217-4356-8295-91294E31ED52}.Debug|Any CPU.Build.0 = Debug|Any CPU
		{C1DE101E-5217-4356-8295-91294E31ED52}.Release|Any CPU.ActiveCfg = Release|Any CPU
		{C1DE101E-5217-4356-8295-91294E31ED52}.Release|Any CPU.Build.0 = Release|Any CPU
		{4359A099-4D30-4473-9E05-BF85F9444A47}.Debug|Any CPU.ActiveCfg = Debug|Any CPU
		{4359A099-4D30-4473-9E05-BF85F9444A47}.Debug|Any CPU.Build.0 = Debug|Any CPU
		{4359A099-4D30-4473-9E05-BF85F9444A47}.Release|Any CPU.ActiveCfg = Release|Any CPU
		{4359A099-4D30-4473-9E05-BF85F9444A47}.Release|Any CPU.Build.0 = Release|Any CPU
	EndGlobalSection
	GlobalSection(SolutionProperties) = preSolution
		HideSolutionNode = FALSE
	EndGlobalSection
	GlobalSection(ExtensibilityGlobals) = postSolution
		SolutionGuid = {67EB9B68-B2D0-429D-9A34-8D5745F81F82}
	EndGlobalSection
EndGlobal
