
Microsoft Visual Studio Solution File, Format Version 12.00
# Visual Studio Version 17
VisualStudioVersion = 17.1.32328.378
MinimumVisualStudioVersion = 10.0.40219.1
Project("{FAE04EC0-301F-11D3-BF4B-00C04F79EFBC}") = "SEDC.Oop.Class03.StaticClasses", "SEDC.Oop.Class03.StaticClasses\SEDC.Oop.Class03.StaticClasses.csproj", "{5549FA98-C9CF-4E3D-925C-8E51D3F76C06}"
EndProject
Global
	GlobalSection(SolutionConfigurationPlatforms) = preSolution
		Debug|Any CPU = Debug|Any CPU
		Release|Any CPU = Release|Any CPU
	EndGlobalSection
	GlobalSection(ProjectConfigurationPlatforms) = postSolution
		{5549FA98-C9CF-4E3D-925C-8E51D3F76C06}.Debug|Any CPU.ActiveCfg = Debug|Any CPU
		{5549FA98-C9CF-4E3D-925C-8E51D3F76C06}.Debug|Any CPU.Build.0 = Debug|Any CPU
		{5549FA98-C9CF-4E3D-925C-8E51D3F76C06}.Release|Any CPU.ActiveCfg = Release|Any CPU
		{5549FA98-C9CF-4E3D-925C-8E51D3F76C06}.Release|Any CPU.Build.0 = Release|Any CPU
	EndGlobalSection
	GlobalSection(SolutionProperties) = preSolution
		HideSolutionNode = FALSE
	EndGlobalSection
	GlobalSection(ExtensibilityGlobals) = postSolution
		SolutionGuid = {270C4DA7-DC79-4B97-8934-A3AC50BF599B}
	EndGlobalSection
EndGlobal
